
Microsoft Visual Studio Solution File, Format Version 12.00
# Visual Studio 2013
VisualStudioVersion = 12.0.31101.0
MinimumVisualStudioVersion = 10.0.40219.1
Project("{FAE04EC0-301F-11D3-BF4B-00C04F79EFBC}") = "Every", "Every\Every.csproj", "{1F40D02F-8272-47BD-B2DE-EAECC3162947}"
EndProject
Global
	GlobalSection(SolutionConfigurationPlatforms) = preSolution
		Debug|Any CPU = Debug|Any CPU
		Release|Any CPU = Release|Any CPU
	EndGlobalSection
	GlobalSection(ProjectConfigurationPlatforms) = postSolution
		{1F40D02F-8272-47BD-B2DE-EAECC3162947}.Debug|Any CPU.ActiveCfg = Debug|Any CPU
		{1F40D02F-8272-47BD-B2DE-EAECC3162947}.Debug|Any CPU.Build.0 = Debug|Any CPU
		{1F40D02F-8272-47BD-B2DE-EAECC3162947}.Release|Any CPU.ActiveCfg = Release|Any CPU
		{1F40D02F-8272-47BD-B2DE-EAECC3162947}.Release|Any CPU.Build.0 = Release|Any CPU
	EndGlobalSection
	GlobalSection(SolutionProperties) = preSolution
		HideSolutionNode = FALSE
	EndGlobalSection
EndGlobal
